{
  "name": "bc2dg",
  "lockfileVersion": 3,
  "requires": true,
  "packages": {
    "": {
      "dependencies": {
        "disconnect": "^1.2.2"
      }
    },
    "node_modules/disconnect": {
      "version": "1.2.2",
      "resolved": "https://registry.npmjs.org/disconnect/-/disconnect-1.2.2.tgz",
      "integrity": "sha512-0QWtdUdijooW0hUa4V5CYm6eQcWThKBh+1pnFk3C8gJo7zQQz+AX6Hs41df/DMjUeD6SN7UBQzdFwpxZv+Vdbw==",
      "dependencies": {
        "oauth-1.0a": "2.x.x"
      },
      "engines": {
        "node": ">= 0.12.0"
      }
    },
    "node_modules/oauth-1.0a": {
      "version": "2.2.6",
      "resolved": "https://registry.npmjs.org/oauth-1.0a/-/oauth-1.0a-2.2.6.tgz",
      "integrity": "sha512-6bkxv3N4Gu5lty4viIcIAnq5GbxECviMBeKR3WX/q87SPQ8E8aursPZUtsXDnxCs787af09WPRBLqYrf/lwoYQ=="
    }
  }
}
